
Microsoft Visual Studio Solution File, Format Version 12.00
# Visual Studio 15
VisualStudioVersion = 15.0.26730.12
MinimumVisualStudioVersion = 10.0.40219.1
Project("{FAE04EC0-301F-11D3-BF4B-00C04F79EFBC}") = "listarInformacionArchivos", "listarInformacionArchivos\listarInformacionArchivos.csproj", "{4C6BF29E-75D5-48AA-9C72-4F587EB9CBA2}"
EndProject
Project("{FAE04EC0-301F-11D3-BF4B-00C04F79EFBC}") = "FileHelper2", "FileHelper2\FileHelper2.csproj", "{445E0FED-6CA1-4C13-9ADA-D54ECBDA2A26}"
EndProject
Global
	GlobalSection(SolutionConfigurationPlatforms) = preSolution
		Debug|Any CPU = Debug|Any CPU
		Debug|ARM = Debug|ARM
		Debug|x64 = Debug|x64
		Debug|x86 = Debug|x86
		Release|Any CPU = Release|Any CPU
		Release|ARM = Release|ARM
		Release|x64 = Release|x64
		Release|x86 = Release|x86
	EndGlobalSection
	GlobalSection(ProjectConfigurationPlatforms) = postSolution
		{4C6BF29E-75D5-48AA-9C72-4F587EB9CBA2}.Debug|Any CPU.ActiveCfg = Debug|Any CPU
		{4C6BF29E-75D5-48AA-9C72-4F587EB9CBA2}.Debug|Any CPU.Build.0 = Debug|Any CPU
		{4C6BF29E-75D5-48AA-9C72-4F587EB9CBA2}.Debug|ARM.ActiveCfg = Debug|Any CPU
		{4C6BF29E-75D5-48AA-9C72-4F587EB9CBA2}.Debug|ARM.Build.0 = Debug|Any CPU
		{4C6BF29E-75D5-48AA-9C72-4F587EB9CBA2}.Debug|x64.ActiveCfg = Debug|Any CPU
		{4C6BF29E-75D5-48AA-9C72-4F587EB9CBA2}.Debug|x64.Build.0 = Debug|Any CPU
		{4C6BF29E-75D5-48AA-9C72-4F587EB9CBA2}.Debug|x86.ActiveCfg = Debug|Any CPU
		{4C6BF29E-75D5-48AA-9C72-4F587EB9CBA2}.Debug|x86.Build.0 = Debug|Any CPU
		{4C6BF29E-75D5-48AA-9C72-4F587EB9CBA2}.Release|Any CPU.ActiveCfg = Release|Any CPU
		{4C6BF29E-75D5-48AA-9C72-4F587EB9CBA2}.Release|Any CPU.Build.0 = Release|Any CPU
		{4C6BF29E-75D5-48AA-9C72-4F587EB9CBA2}.Release|ARM.ActiveCfg = Release|Any CPU
		{4C6BF29E-75D5-48AA-9C72-4F587EB9CBA2}.Release|ARM.Build.0 = Release|Any CPU
		{4C6BF29E-75D5-48AA-9C72-4F587EB9CBA2}.Release|x64.ActiveCfg = Release|Any CPU
		{4C6BF29E-75D5-48AA-9C72-4F587EB9CBA2}.Release|x64.Build.0 = Release|Any CPU
		{4C6BF29E-75D5-48AA-9C72-4F587EB9CBA2}.Release|x86.ActiveCfg = Release|Any CPU
		{4C6BF29E-75D5-48AA-9C72-4F587EB9CBA2}.Release|x86.Build.0 = Release|Any CPU
		{445E0FED-6CA1-4C13-9ADA-D54ECBDA2A26}.Debug|Any CPU.ActiveCfg = Debug|Any CPU
		{445E0FED-6CA1-4C13-9ADA-D54ECBDA2A26}.Debug|Any CPU.Build.0 = Debug|Any CPU
		{445E0FED-6CA1-4C13-9ADA-D54ECBDA2A26}.Debug|ARM.ActiveCfg = Debug|Any CPU
		{445E0FED-6CA1-4C13-9ADA-D54ECBDA2A26}.Debug|ARM.Build.0 = Debug|Any CPU
		{445E0FED-6CA1-4C13-9ADA-D54ECBDA2A26}.Debug|x64.ActiveCfg = Debug|Any CPU
		{445E0FED-6CA1-4C13-9ADA-D54ECBDA2A26}.Debug|x64.Build.0 = Debug|Any CPU
		{445E0FED-6CA1-4C13-9ADA-D54ECBDA2A26}.Debug|x86.ActiveCfg = Debug|Any CPU
		{445E0FED-6CA1-4C13-9ADA-D54ECBDA2A26}.Debug|x86.Build.0 = Debug|Any CPU
		{445E0FED-6CA1-4C13-9ADA-D54ECBDA2A26}.Release|Any CPU.ActiveCfg = Release|Any CPU
		{445E0FED-6CA1-4C13-9ADA-D54ECBDA2A26}.Release|Any CPU.Build.0 = Release|Any CPU
		{445E0FED-6CA1-4C13-9ADA-D54ECBDA2A26}.Release|ARM.ActiveCfg = Release|Any CPU
		{445E0FED-6CA1-4C13-9ADA-D54ECBDA2A26}.Release|ARM.Build.0 = Release|Any CPU
		{445E0FED-6CA1-4C13-9ADA-D54ECBDA2A26}.Release|x64.ActiveCfg = Release|Any CPU
		{445E0FED-6CA1-4C13-9ADA-D54ECBDA2A26}.Release|x64.Build.0 = Release|Any CPU
		{445E0FED-6CA1-4C13-9ADA-D54ECBDA2A26}.Release|x86.ActiveCfg = Release|Any CPU
		{445E0FED-6CA1-4C13-9ADA-D54ECBDA2A26}.Release|x86.Build.0 = Release|Any CPU
	EndGlobalSection
	GlobalSection(SolutionProperties) = preSolution
		HideSolutionNode = FALSE
	EndGlobalSection
	GlobalSection(ExtensibilityGlobals) = postSolution
		SolutionGuid = {39E77BBF-1948-4D17-AAAC-829C9AC208F3}
	EndGlobalSection
EndGlobal
